// !$*UTF8*$!
{
	archiveVersion = 1;
	classes = {
	};
	objectVersion = 50;
	objects = {

/* Begin PBXBuildFile section */
		5F3AD8DD22AAC72E00796BD9 /* AppDelegate.swift in Sources */ = {isa = PBXBuildFile; fileRef = 5F3AD8DC22AAC72E00796BD9 /* AppDelegate.swift */; };
		5F3AD8DF22AAC72E00796BD9 /* ViewController.swift in Sources */ = {isa = PBXBuildFile; fileRef = 5F3AD8DE22AAC72E00796BD9 /* ViewController.swift */; };
		5F3AD8E222AAC72E00796BD9 /* Main.storyboard in Resources */ = {isa = PBXBuildFile; fileRef = 5F3AD8E022AAC72E00796BD9 /* Main.storyboard */; };
		5F3AD8E422AAC73D00796BD9 /* Assets.xcassets in Resources */ = {isa = PBXBuildFile; fileRef = 5F3AD8E322AAC73D00796BD9 /* Assets.xcassets */; };
		5F3AD8E722AAC73D00796BD9 /* LaunchScreen.storyboard in Resources */ = {isa = PBXBuildFile; fileRef = 5F3AD8E522AAC73D00796BD9 /* LaunchScreen.storyboard */; };
		5F3AD8F222AAC73D00796BD9 /* Puja_LocatorTests.swift in Sources */ = {isa = PBXBuildFile; fileRef = 5F3AD8F122AAC73D00796BD9 /* Puja_LocatorTests.swift */; };
		5F3AD8FD22AAC73D00796BD9 /* Puja_LocatorUITests.swift in Sources */ = {isa = PBXBuildFile; fileRef = 5F3AD8FC22AAC73D00796BD9 /* Puja_LocatorUITests.swift */; };
		5F4216B122AEC64A0089E365 /* Settings.swift in Sources */ = {isa = PBXBuildFile; fileRef = 5F4216B022AEC64A0089E365 /* Settings.swift */; };
		5F659AD422ABC68F00EDDEA5 /* FAQs.swift in Sources */ = {isa = PBXBuildFile; fileRef = 5F659AD322ABC68F00EDDEA5 /* FAQs.swift */; };
		5F9AD06B22AFC25D0046773C /* Localizable.strings in Resources */ = {isa = PBXBuildFile; fileRef = 5F9AD06D22AFC25D0046773C /* Localizable.strings */; };
		5F9AD07222AFC85A0046773C /* RudraPuja.swift in Sources */ = {isa = PBXBuildFile; fileRef = 5F9AD07122AFC85A0046773C /* RudraPuja.swift */; };
		5F9AD07422AFCBB90046773C /* DakshinamurtiPuja.swift in Sources */ = {isa = PBXBuildFile; fileRef = 5F9AD07322AFCBB90046773C /* DakshinamurtiPuja.swift */; };
		5F9AD07622AFCBF80046773C /* DurgaHoma.swift in Sources */ = {isa = PBXBuildFile; fileRef = 5F9AD07522AFCBF80046773C /* DurgaHoma.swift */; };
		5F9AD07822AFCC380046773C /* GaneshHoma.swift in Sources */ = {isa = PBXBuildFile; fileRef = 5F9AD07722AFCC380046773C /* GaneshHoma.swift */; };
		5F9AD07A22AFCCC90046773C /* NavchandiHoma.swift in Sources */ = {isa = PBXBuildFile; fileRef = 5F9AD07922AFCCC90046773C /* NavchandiHoma.swift */; };
		5F9AD07C22AFCD020046773C /* Upanayan.swift in Sources */ = {isa = PBXBuildFile; fileRef = 5F9AD07B22AFCD020046773C /* Upanayan.swift */; };
		5F9AD07E22AFCD7F0046773C /* DhanvantariHoma.swift in Sources */ = {isa = PBXBuildFile; fileRef = 5F9AD07D22AFCD7F0046773C /* DhanvantariHoma.swift */; };
		5F9AD08022AFCDBD0046773C /* VidyarambhamSanskar.swift in Sources */ = {isa = PBXBuildFile; fileRef = 5F9AD07F22AFCDBD0046773C /* VidyarambhamSanskar.swift */; };
		5F9AD08222AFCEAE0046773C /* ChandiHoma.swift in Sources */ = {isa = PBXBuildFile; fileRef = 5F9AD08122AFCEAE0046773C /* ChandiHoma.swift */; };
		5F9AD08422AFCEEA0046773C /* MahaGanapati.swift in Sources */ = {isa = PBXBuildFile; fileRef = 5F9AD08322AFCEEA0046773C /* MahaGanapati.swift */; };
		5F9AD08622AFCF210046773C /* KalashSthapana.swift in Sources */ = {isa = PBXBuildFile; fileRef = 5F9AD08522AFCF210046773C /* KalashSthapana.swift */; };
		5F9AD08822AFCF5D0046773C /* MahalaxmiHoma.swift in Sources */ = {isa = PBXBuildFile; fileRef = 5F9AD08722AFCF5D0046773C /* MahalaxmiHoma.swift */; };
		5F9AD08A22AFD0220046773C /* MahaRudraPuja.swift in Sources */ = {isa = PBXBuildFile; fileRef = 5F9AD08922AFD0220046773C /* MahaRudraPuja.swift */; };
		5F9AD08C22AFD05C0046773C /* NavagrahaHoma.swift in Sources */ = {isa = PBXBuildFile; fileRef = 5F9AD08B22AFD05C0046773C /* NavagrahaHoma.swift */; };
		5F9AD08E22AFD0970046773C /* SudharshanHoma.swift in Sources */ = {isa = PBXBuildFile; fileRef = 5F9AD08D22AFD0970046773C /* SudharshanHoma.swift */; };
		5F9AD09022AFD0DA0046773C /* VaastuShantiHoma.swift in Sources */ = {isa = PBXBuildFile; fileRef = 5F9AD08F22AFD0DA0046773C /* VaastuShantiHoma.swift */; };
		5F9AD0A722B000A30046773C /* FAQ2.swift in Sources */ = {isa = PBXBuildFile; fileRef = 5F9AD0A622B000A30046773C /* FAQ2.swift */; };
		5F9AD0A922B000B30046773C /* FAQ3.swift in Sources */ = {isa = PBXBuildFile; fileRef = 5F9AD0A822B000B30046773C /* FAQ3.swift */; };
		5F9AD0AB22B000C10046773C /* FAQ4.swift in Sources */ = {isa = PBXBuildFile; fileRef = 5F9AD0AA22B000C10046773C /* FAQ4.swift */; };
		5F9AD0AD22B000D70046773C /* FAQ5.swift in Sources */ = {isa = PBXBuildFile; fileRef = 5F9AD0AC22B000D70046773C /* FAQ5.swift */; };
		5F9AD0AF22B004A00046773C /* FAQ6.swift in Sources */ = {isa = PBXBuildFile; fileRef = 5F9AD0AE22B004A00046773C /* FAQ6.swift */; };
		5F9AD0B122B004BF0046773C /* FAQ7.swift in Sources */ = {isa = PBXBuildFile; fileRef = 5F9AD0B022B004BF0046773C /* FAQ7.swift */; };
		5F9AD0B322B004D30046773C /* FAQ8.swift in Sources */ = {isa = PBXBuildFile; fileRef = 5F9AD0B222B004D30046773C /* FAQ8.swift */; };
		5F9AD0B522B004EA0046773C /* FAQ9.swift in Sources */ = {isa = PBXBuildFile; fileRef = 5F9AD0B422B004EA0046773C /* FAQ9.swift */; };
		5F9AD0B722B004FB0046773C /* FAQ10.swift in Sources */ = {isa = PBXBuildFile; fileRef = 5F9AD0B622B004FB0046773C /* FAQ10.swift */; };
		5F9AD0B922B0050D0046773C /* FAQ11.swift in Sources */ = {isa = PBXBuildFile; fileRef = 5F9AD0B822B0050D0046773C /* FAQ11.swift */; };
		5F9B1C6322ABC3DE00581148 /* Main Page.swift in Sources */ = {isa = PBXBuildFile; fileRef = 5F9B1C6222ABC3DE00581148 /* Main Page.swift */; };
		5F9FB7CE22AD675C0068C155 /* ansFAQs.swift in Sources */ = {isa = PBXBuildFile; fileRef = 5F9FB7CD22AD675C0068C155 /* ansFAQs.swift */; };
		5FAFCDB222BEA234003BC78D /* quiz1.swift in Sources */ = {isa = PBXBuildFile; fileRef = 5FAFCDB122BEA234003BC78D /* quiz1.swift */; };
		5FAFCDB422BEA258003BC78D /* quiz2.swift in Sources */ = {isa = PBXBuildFile; fileRef = 5FAFCDB322BEA258003BC78D /* quiz2.swift */; };
		5FAFCDB622BEA272003BC78D /* quiz3.swift in Sources */ = {isa = PBXBuildFile; fileRef = 5FAFCDB522BEA272003BC78D /* quiz3.swift */; };
		5FAFCDB822BEA281003BC78D /* quiz4.swift in Sources */ = {isa = PBXBuildFile; fileRef = 5FAFCDB722BEA281003BC78D /* quiz4.swift */; };
		5FAFCDBA22BEA291003BC78D /* quiz5.swift in Sources */ = {isa = PBXBuildFile; fileRef = 5FAFCDB922BEA291003BC78D /* quiz5.swift */; };
		5FAFCDBC22BEA2A0003BC78D /* quiz6.swift in Sources */ = {isa = PBXBuildFile; fileRef = 5FAFCDBB22BEA2A0003BC78D /* quiz6.swift */; };
		5FAFCDBE22BEA2B2003BC78D /* quiz7.swift in Sources */ = {isa = PBXBuildFile; fileRef = 5FAFCDBD22BEA2B2003BC78D /* quiz7.swift */; };
		5FAFCDC022BEA2C4003BC78D /* quiz8.swift in Sources */ = {isa = PBXBuildFile; fileRef = 5FAFCDBF22BEA2C4003BC78D /* quiz8.swift */; };
		5FAFCDC222BEA2D2003BC78D /* quiz9.swift in Sources */ = {isa = PBXBuildFile; fileRef = 5FAFCDC122BEA2D2003BC78D /* quiz9.swift */; };
		5FAFCDC422BEA2E2003BC78D /* quiz10.swift in Sources */ = {isa = PBXBuildFile; fileRef = 5FAFCDC322BEA2E2003BC78D /* quiz10.swift */; };
		5FCA2FA122BF542100D1D162 /* endQuiz1.swift in Sources */ = {isa = PBXBuildFile; fileRef = 5FCA2FA022BF542100D1D162 /* endQuiz1.swift */; };
		5FCA2FA322BF543400D1D162 /* endQuiz2.swift in Sources */ = {isa = PBXBuildFile; fileRef = 5FCA2FA222BF543400D1D162 /* endQuiz2.swift */; };
		5FCA2FA522BF545000D1D162 /* endQuiz3.swift in Sources */ = {isa = PBXBuildFile; fileRef = 5FCA2FA422BF545000D1D162 /* endQuiz3.swift */; };
		5FCA2FA722BF546300D1D162 /* endQuiz4.swift in Sources */ = {isa = PBXBuildFile; fileRef = 5FCA2FA622BF546300D1D162 /* endQuiz4.swift */; };
		5FD1F52B22B0FBDE002C6B14 /* quizMainPage.swift in Sources */ = {isa = PBXBuildFile; fileRef = 5FD1F52A22B0FBDE002C6B14 /* quizMainPage.swift */; };
		5FF8329922ACBF3B000894E7 /* ChantingPage.swift in Sources */ = {isa = PBXBuildFile; fileRef = 5FF8329822ACBF3B000894E7 /* ChantingPage.swift */; };
/* End PBXBuildFile section */

/* Begin PBXContainerItemProxy section */
		5F3AD8EE22AAC73D00796BD9 /* PBXContainerItemProxy */ = {
			isa = PBXContainerItemProxy;
			containerPortal = 5F3AD8D122AAC72D00796BD9 /* Project object */;
			proxyType = 1;
			remoteGlobalIDString = 5F3AD8D822AAC72E00796BD9;
			remoteInfo = "Puja Locator";
		};
		5F3AD8F922AAC73D00796BD9 /* PBXContainerItemProxy */ = {
			isa = PBXContainerItemProxy;
			containerPortal = 5F3AD8D122AAC72D00796BD9 /* Project object */;
			proxyType = 1;
			remoteGlobalIDString = 5F3AD8D822AAC72E00796BD9;
			remoteInfo = "Puja Locator";
		};
/* End PBXContainerItemProxy section */

/* Begin PBXFileReference section */
		5F3AD8D922AAC72E00796BD9 /* Puja Locator.app */ = {isa = PBXFileReference; explicitFileType = wrapper.application; includeInIndex = 0; path = "Puja Locator.app"; sourceTree = BUILT_PRODUCTS_DIR; };
		5F3AD8DC22AAC72E00796BD9 /* AppDelegate.swift */ = {isa = PBXFileReference; lastKnownFileType = sourcecode.swift; path = AppDelegate.swift; sourceTree = "<group>"; };
		5F3AD8DE22AAC72E00796BD9 /* ViewController.swift */ = {isa = PBXFileReference; lastKnownFileType = sourcecode.swift; path = ViewController.swift; sourceTree = "<group>"; };
		5F3AD8E122AAC72E00796BD9 /* Base */ = {isa = PBXFileReference; lastKnownFileType = file.storyboard; name = Base; path = Base.lproj/Main.storyboard; sourceTree = "<group>"; };
		5F3AD8E322AAC73D00796BD9 /* Assets.xcassets */ = {isa = PBXFileReference; lastKnownFileType = folder.assetcatalog; path = Assets.xcassets; sourceTree = "<group>"; };
		5F3AD8E622AAC73D00796BD9 /* Base */ = {isa = PBXFileReference; lastKnownFileType = file.storyboard; name = Base; path = Base.lproj/LaunchScreen.storyboard; sourceTree = "<group>"; };
		5F3AD8E822AAC73D00796BD9 /* Info.plist */ = {isa = PBXFileReference; lastKnownFileType = text.plist.xml; path = Info.plist; sourceTree = "<group>"; };
		5F3AD8ED22AAC73D00796BD9 /* Puja LocatorTests.xctest */ = {isa = PBXFileReference; explicitFileType = wrapper.cfbundle; includeInIndex = 0; path = "Puja LocatorTests.xctest"; sourceTree = BUILT_PRODUCTS_DIR; };
		5F3AD8F122AAC73D00796BD9 /* Puja_LocatorTests.swift */ = {isa = PBXFileReference; lastKnownFileType = sourcecode.swift; path = Puja_LocatorTests.swift; sourceTree = "<group>"; };
		5F3AD8F322AAC73D00796BD9 /* Info.plist */ = {isa = PBXFileReference; lastKnownFileType = text.plist.xml; path = Info.plist; sourceTree = "<group>"; };
		5F3AD8F822AAC73D00796BD9 /* Puja LocatorUITests.xctest */ = {isa = PBXFileReference; explicitFileType = wrapper.cfbundle; includeInIndex = 0; path = "Puja LocatorUITests.xctest"; sourceTree = BUILT_PRODUCTS_DIR; };
		5F3AD8FC22AAC73D00796BD9 /* Puja_LocatorUITests.swift */ = {isa = PBXFileReference; lastKnownFileType = sourcecode.swift; path = Puja_LocatorUITests.swift; sourceTree = "<group>"; };
		5F3AD8FE22AAC73D00796BD9 /* Info.plist */ = {isa = PBXFileReference; lastKnownFileType = text.plist.xml; path = Info.plist; sourceTree = "<group>"; };
		5F4216B022AEC64A0089E365 /* Settings.swift */ = {isa = PBXFileReference; lastKnownFileType = sourcecode.swift; path = Settings.swift; sourceTree = "<group>"; };
		5F427D1C22AF8224008B222F /* en */ = {isa = PBXFileReference; lastKnownFileType = text.plist.strings; name = en; path = en.lproj/LaunchScreen.strings; sourceTree = "<group>"; };
		5F659AD322ABC68F00EDDEA5 /* FAQs.swift */ = {isa = PBXFileReference; lastKnownFileType = sourcecode.swift; path = FAQs.swift; sourceTree = "<group>"; };
		5F9AD06C22AFC25D0046773C /* en */ = {isa = PBXFileReference; lastKnownFileType = text.plist.strings; name = en; path = en.lproj/Localizable.strings; sourceTree = "<group>"; };
		5F9AD06E22AFC25F0046773C /* mr-IN */ = {isa = PBXFileReference; lastKnownFileType = text.plist.strings; name = "mr-IN"; path = "mr-IN.lproj/Localizable.strings"; sourceTree = "<group>"; };
		5F9AD06F22AFC2660046773C /* hi */ = {isa = PBXFileReference; lastKnownFileType = text.plist.strings; name = hi; path = hi.lproj/Localizable.strings; sourceTree = "<group>"; };
		5F9AD07122AFC85A0046773C /* RudraPuja.swift */ = {isa = PBXFileReference; lastKnownFileType = sourcecode.swift; path = RudraPuja.swift; sourceTree = "<group>"; };
		5F9AD07322AFCBB90046773C /* DakshinamurtiPuja.swift */ = {isa = PBXFileReference; lastKnownFileType = sourcecode.swift; path = DakshinamurtiPuja.swift; sourceTree = "<group>"; };
		5F9AD07522AFCBF80046773C /* DurgaHoma.swift */ = {isa = PBXFileReference; lastKnownFileType = sourcecode.swift; path = DurgaHoma.swift; sourceTree = "<group>"; };
		5F9AD07722AFCC380046773C /* GaneshHoma.swift */ = {isa = PBXFileReference; lastKnownFileType = sourcecode.swift; path = GaneshHoma.swift; sourceTree = "<group>"; };
		5F9AD07922AFCCC90046773C /* NavchandiHoma.swift */ = {isa = PBXFileReference; lastKnownFileType = sourcecode.swift; path = NavchandiHoma.swift; sourceTree = "<group>"; };
		5F9AD07B22AFCD020046773C /* Upanayan.swift */ = {isa = PBXFileReference; lastKnownFileType = sourcecode.swift; path = Upanayan.swift; sourceTree = "<group>"; };
		5F9AD07D22AFCD7F0046773C /* DhanvantariHoma.swift */ = {isa = PBXFileReference; lastKnownFileType = sourcecode.swift; path = DhanvantariHoma.swift; sourceTree = "<group>"; };
		5F9AD07F22AFCDBD0046773C /* VidyarambhamSanskar.swift */ = {isa = PBXFileReference; lastKnownFileType = sourcecode.swift; path = VidyarambhamSanskar.swift; sourceTree = "<group>"; };
		5F9AD08122AFCEAE0046773C /* ChandiHoma.swift */ = {isa = PBXFileReference; lastKnownFileType = sourcecode.swift; path = ChandiHoma.swift; sourceTree = "<group>"; };
		5F9AD08322AFCEEA0046773C /* MahaGanapati.swift */ = {isa = PBXFileReference; lastKnownFileType = sourcecode.swift; path = MahaGanapati.swift; sourceTree = "<group>"; };
		5F9AD08522AFCF210046773C /* KalashSthapana.swift */ = {isa = PBXFileReference; lastKnownFileType = sourcecode.swift; path = KalashSthapana.swift; sourceTree = "<group>"; };
		5F9AD08722AFCF5D0046773C /* MahalaxmiHoma.swift */ = {isa = PBXFileReference; lastKnownFileType = sourcecode.swift; path = MahalaxmiHoma.swift; sourceTree = "<group>"; };
		5F9AD08922AFD0220046773C /* MahaRudraPuja.swift */ = {isa = PBXFileReference; lastKnownFileType = sourcecode.swift; path = MahaRudraPuja.swift; sourceTree = "<group>"; };
		5F9AD08B22AFD05C0046773C /* NavagrahaHoma.swift */ = {isa = PBXFileReference; lastKnownFileType = sourcecode.swift; path = NavagrahaHoma.swift; sourceTree = "<group>"; };
		5F9AD08D22AFD0970046773C /* SudharshanHoma.swift */ = {isa = PBXFileReference; lastKnownFileType = sourcecode.swift; path = SudharshanHoma.swift; sourceTree = "<group>"; };
		5F9AD08F22AFD0DA0046773C /* VaastuShantiHoma.swift */ = {isa = PBXFileReference; lastKnownFileType = sourcecode.swift; path = VaastuShantiHoma.swift; sourceTree = "<group>"; };
		5F9AD0A622B000A30046773C /* FAQ2.swift */ = {isa = PBXFileReference; lastKnownFileType = sourcecode.swift; path = FAQ2.swift; sourceTree = "<group>"; };
		5F9AD0A822B000B30046773C /* FAQ3.swift */ = {isa = PBXFileReference; lastKnownFileType = sourcecode.swift; path = FAQ3.swift; sourceTree = "<group>"; };
		5F9AD0AA22B000C10046773C /* FAQ4.swift */ = {isa = PBXFileReference; lastKnownFileType = sourcecode.swift; path = FAQ4.swift; sourceTree = "<group>"; };
		5F9AD0AC22B000D70046773C /* FAQ5.swift */ = {isa = PBXFileReference; lastKnownFileType = sourcecode.swift; path = FAQ5.swift; sourceTree = "<group>"; };
		5F9AD0AE22B004A00046773C /* FAQ6.swift */ = {isa = PBXFileReference; lastKnownFileType = sourcecode.swift; path = FAQ6.swift; sourceTree = "<group>"; };
		5F9AD0B022B004BF0046773C /* FAQ7.swift */ = {isa = PBXFileReference; lastKnownFileType = sourcecode.swift; path = FAQ7.swift; sourceTree = "<group>"; };
		5F9AD0B222B004D30046773C /* FAQ8.swift */ = {isa = PBXFileReference; lastKnownFileType = sourcecode.swift; path = FAQ8.swift; sourceTree = "<group>"; };
		5F9AD0B422B004EA0046773C /* FAQ9.swift */ = {isa = PBXFileReference; lastKnownFileType = sourcecode.swift; path = FAQ9.swift; sourceTree = "<group>"; };
		5F9AD0B622B004FB0046773C /* FAQ10.swift */ = {isa = PBXFileReference; lastKnownFileType = sourcecode.swift; path = FAQ10.swift; sourceTree = "<group>"; };
		5F9AD0B822B0050D0046773C /* FAQ11.swift */ = {isa = PBXFileReference; lastKnownFileType = sourcecode.swift; path = FAQ11.swift; sourceTree = "<group>"; };
		5F9B1C6222ABC3DE00581148 /* Main Page.swift */ = {isa = PBXFileReference; lastKnownFileType = sourcecode.swift; path = "Main Page.swift"; sourceTree = "<group>"; };
		5F9FB7C822AD5BBC0068C155 /* hi */ = {isa = PBXFileReference; lastKnownFileType = text.plist.strings; name = hi; path = hi.lproj/LaunchScreen.strings; sourceTree = "<group>"; };
		5F9FB7CA22AD5C330068C155 /* mr-IN */ = {isa = PBXFileReference; lastKnownFileType = text.plist.strings; name = "mr-IN"; path = "mr-IN.lproj/LaunchScreen.strings"; sourceTree = "<group>"; };
		5F9FB7CD22AD675C0068C155 /* ansFAQs.swift */ = {isa = PBXFileReference; lastKnownFileType = sourcecode.swift; path = ansFAQs.swift; sourceTree = "<group>"; };
		5FAFCDB122BEA234003BC78D /* quiz1.swift */ = {isa = PBXFileReference; lastKnownFileType = sourcecode.swift; path = quiz1.swift; sourceTree = "<group>"; };
		5FAFCDB322BEA258003BC78D /* quiz2.swift */ = {isa = PBXFileReference; lastKnownFileType = sourcecode.swift; path = quiz2.swift; sourceTree = "<group>"; };
		5FAFCDB522BEA272003BC78D /* quiz3.swift */ = {isa = PBXFileReference; lastKnownFileType = sourcecode.swift; path = quiz3.swift; sourceTree = "<group>"; };
		5FAFCDB722BEA281003BC78D /* quiz4.swift */ = {isa = PBXFileReference; lastKnownFileType = sourcecode.swift; path = quiz4.swift; sourceTree = "<group>"; };
		5FAFCDB922BEA291003BC78D /* quiz5.swift */ = {isa = PBXFileReference; lastKnownFileType = sourcecode.swift; path = quiz5.swift; sourceTree = "<group>"; };
		5FAFCDBB22BEA2A0003BC78D /* quiz6.swift */ = {isa = PBXFileReference; lastKnownFileType = sourcecode.swift; path = quiz6.swift; sourceTree = "<group>"; };
		5FAFCDBD22BEA2B2003BC78D /* quiz7.swift */ = {isa = PBXFileReference; lastKnownFileType = sourcecode.swift; path = quiz7.swift; sourceTree = "<group>"; };
		5FAFCDBF22BEA2C4003BC78D /* quiz8.swift */ = {isa = PBXFileReference; lastKnownFileType = sourcecode.swift; path = quiz8.swift; sourceTree = "<group>"; };
		5FAFCDC122BEA2D2003BC78D /* quiz9.swift */ = {isa = PBXFileReference; lastKnownFileType = sourcecode.swift; path = quiz9.swift; sourceTree = "<group>"; };
		5FAFCDC322BEA2E2003BC78D /* quiz10.swift */ = {isa = PBXFileReference; lastKnownFileType = sourcecode.swift; path = quiz10.swift; sourceTree = "<group>"; };
		5FCA2FA022BF542100D1D162 /* endQuiz1.swift */ = {isa = PBXFileReference; lastKnownFileType = sourcecode.swift; path = endQuiz1.swift; sourceTree = "<group>"; };
		5FCA2FA222BF543400D1D162 /* endQuiz2.swift */ = {isa = PBXFileReference; lastKnownFileType = sourcecode.swift; path = endQuiz2.swift; sourceTree = "<group>"; };
		5FCA2FA422BF545000D1D162 /* endQuiz3.swift */ = {isa = PBXFileReference; lastKnownFileType = sourcecode.swift; path = endQuiz3.swift; sourceTree = "<group>"; };
		5FCA2FA622BF546300D1D162 /* endQuiz4.swift */ = {isa = PBXFileReference; lastKnownFileType = sourcecode.swift; path = endQuiz4.swift; sourceTree = "<group>"; };
		5FCA2FA922BFBEFE00D1D162 /* en */ = {isa = PBXFileReference; lastKnownFileType = text.plist.strings; name = en; path = en.lproj/Main.strings; sourceTree = "<group>"; };
		5FCA2FAB22BFBF4300D1D162 /* mr-IN */ = {isa = PBXFileReference; lastKnownFileType = text.plist.strings; name = "mr-IN"; path = "mr-IN.lproj/Main.strings"; sourceTree = "<group>"; };
		5FCA2FAD22BFBF7700D1D162 /* hi */ = {isa = PBXFileReference; lastKnownFileType = text.plist.strings; name = hi; path = hi.lproj/Main.strings; sourceTree = "<group>"; };
		5FD1F52A22B0FBDE002C6B14 /* quizMainPage.swift */ = {isa = PBXFileReference; lastKnownFileType = sourcecode.swift; path = quizMainPage.swift; sourceTree = "<group>"; };
		5FF8329822ACBF3B000894E7 /* ChantingPage.swift */ = {isa = PBXFileReference; lastKnownFileType = sourcecode.swift; path = ChantingPage.swift; sourceTree = "<group>"; };
/* End PBXFileReference section */

/* Begin PBXFrameworksBuildPhase section */
		5F3AD8D622AAC72E00796BD9 /* Frameworks */ = {
			isa = PBXFrameworksBuildPhase;
			buildActionMask = 2147483647;
			files = (
			);
			runOnlyForDeploymentPostprocessing = 0;
		};
		5F3AD8EA22AAC73D00796BD9 /* Frameworks */ = {
			isa = PBXFrameworksBuildPhase;
			buildActionMask = 2147483647;
			files = (
			);
			runOnlyForDeploymentPostprocessing = 0;
		};
		5F3AD8F522AAC73D00796BD9 /* Frameworks */ = {
			isa = PBXFrameworksBuildPhase;
			buildActionMask = 2147483647;
			files = (
			);
			runOnlyForDeploymentPostprocessing = 0;
		};
/* End PBXFrameworksBuildPhase section */

/* Begin PBXGroup section */
		5F3AD8D022AAC72D00796BD9 = {
			isa = PBXGroup;
			children = (
				5F3AD8DB22AAC72E00796BD9 /* Puja Locator */,
				5F3AD8F022AAC73D00796BD9 /* Puja LocatorTests */,
				5F3AD8FB22AAC73D00796BD9 /* Puja LocatorUITests */,
				5F3AD8DA22AAC72E00796BD9 /* Products */,
			);
			sourceTree = "<group>";
		};
		5F3AD8DA22AAC72E00796BD9 /* Products */ = {
			isa = PBXGroup;
			children = (
				5F3AD8D922AAC72E00796BD9 /* Puja Locator.app */,
				5F3AD8ED22AAC73D00796BD9 /* Puja LocatorTests.xctest */,
				5F3AD8F822AAC73D00796BD9 /* Puja LocatorUITests.xctest */,
			);
			name = Products;
			sourceTree = "<group>";
		};
		5F3AD8DB22AAC72E00796BD9 /* Puja Locator */ = {
			isa = PBXGroup;
			children = (
				5F659AD222ABC5F500EDDEA5 /* Scripts Swift */,
				5F3AD8DC22AAC72E00796BD9 /* AppDelegate.swift */,
				5F3AD8E022AAC72E00796BD9 /* Main.storyboard */,
				5F9AD06D22AFC25D0046773C /* Localizable.strings */,
				5F3AD8E322AAC73D00796BD9 /* Assets.xcassets */,
				5F3AD8E522AAC73D00796BD9 /* LaunchScreen.storyboard */,
				5F3AD8E822AAC73D00796BD9 /* Info.plist */,
			);
			path = "Puja Locator";
			sourceTree = "<group>";
		};
		5F3AD8F022AAC73D00796BD9 /* Puja LocatorTests */ = {
			isa = PBXGroup;
			children = (
				5F3AD8F122AAC73D00796BD9 /* Puja_LocatorTests.swift */,
				5F3AD8F322AAC73D00796BD9 /* Info.plist */,
			);
			path = "Puja LocatorTests";
			sourceTree = "<group>";
		};
		5F3AD8FB22AAC73D00796BD9 /* Puja LocatorUITests */ = {
			isa = PBXGroup;
			children = (
				5F3AD8FC22AAC73D00796BD9 /* Puja_LocatorUITests.swift */,
				5F3AD8FE22AAC73D00796BD9 /* Info.plist */,
			);
			path = "Puja LocatorUITests";
			sourceTree = "<group>";
		};
		5F659AD222ABC5F500EDDEA5 /* Scripts Swift */ = {
			isa = PBXGroup;
			children = (
				5FAFCDB022BEA01C003BC78D /* quizScripts */,
				5F9AD09122AFFA390046773C /* FAQAns */,
				5F9AD07022AFC7CA0046773C /* TilePage Scripts */,
				5FF8329822ACBF3B000894E7 /* ChantingPage.swift */,
				5F3AD8DE22AAC72E00796BD9 /* ViewController.swift */,
				5F9B1C6222ABC3DE00581148 /* Main Page.swift */,
				5F659AD322ABC68F00EDDEA5 /* FAQs.swift */,
				5FD1F52A22B0FBDE002C6B14 /* quizMainPage.swift */,
				5F4216B022AEC64A0089E365 /* Settings.swift */,
			);
			path = "Scripts Swift";
			sourceTree = "<group>";
		};
		5F9AD07022AFC7CA0046773C /* TilePage Scripts */ = {
			isa = PBXGroup;
			children = (
				5F9AD07122AFC85A0046773C /* RudraPuja.swift */,
				5F9AD07322AFCBB90046773C /* DakshinamurtiPuja.swift */,
				5F9AD07522AFCBF80046773C /* DurgaHoma.swift */,
				5F9AD07722AFCC380046773C /* GaneshHoma.swift */,
				5F9AD07922AFCCC90046773C /* NavchandiHoma.swift */,
				5F9AD07B22AFCD020046773C /* Upanayan.swift */,
				5F9AD07D22AFCD7F0046773C /* DhanvantariHoma.swift */,
				5F9AD07F22AFCDBD0046773C /* VidyarambhamSanskar.swift */,
				5F9AD08122AFCEAE0046773C /* ChandiHoma.swift */,
				5F9AD08322AFCEEA0046773C /* MahaGanapati.swift */,
				5F9AD08522AFCF210046773C /* KalashSthapana.swift */,
				5F9AD08722AFCF5D0046773C /* MahalaxmiHoma.swift */,
				5F9AD08922AFD0220046773C /* MahaRudraPuja.swift */,
				5F9AD08B22AFD05C0046773C /* NavagrahaHoma.swift */,
				5F9AD08D22AFD0970046773C /* SudharshanHoma.swift */,
				5F9AD08F22AFD0DA0046773C /* VaastuShantiHoma.swift */,
			);
			path = "TilePage Scripts";
			sourceTree = "<group>";
		};
		5F9AD09122AFFA390046773C /* FAQAns */ = {
			isa = PBXGroup;
			children = (
				5F9FB7CD22AD675C0068C155 /* ansFAQs.swift */,
				5F9AD0AA22B000C10046773C /* FAQ4.swift */,
				5F9AD0AC22B000D70046773C /* FAQ5.swift */,
				5F9AD0A622B000A30046773C /* FAQ2.swift */,
				5F9AD0A822B000B30046773C /* FAQ3.swift */,
				5F9AD0AE22B004A00046773C /* FAQ6.swift */,
				5F9AD0B022B004BF0046773C /* FAQ7.swift */,
				5F9AD0B222B004D30046773C /* FAQ8.swift */,
				5F9AD0B422B004EA0046773C /* FAQ9.swift */,
				5F9AD0B622B004FB0046773C /* FAQ10.swift */,
				5F9AD0B822B0050D0046773C /* FAQ11.swift */,
			);
			path = FAQAns;
			sourceTree = "<group>";
		};
		5FAFCDB022BEA01C003BC78D /* quizScripts */ = {
			isa = PBXGroup;
			children = (
				5FCA2FA222BF543400D1D162 /* endQuiz2.swift */,
				5FAFCDB122BEA234003BC78D /* quiz1.swift */,
				5FAFCDB322BEA258003BC78D /* quiz2.swift */,
				5FAFCDB522BEA272003BC78D /* quiz3.swift */,
				5FAFCDB722BEA281003BC78D /* quiz4.swift */,
				5FAFCDB922BEA291003BC78D /* quiz5.swift */,
				5FAFCDBB22BEA2A0003BC78D /* quiz6.swift */,
				5FAFCDBD22BEA2B2003BC78D /* quiz7.swift */,
				5FAFCDBF22BEA2C4003BC78D /* quiz8.swift */,
				5FAFCDC122BEA2D2003BC78D /* quiz9.swift */,
				5FAFCDC322BEA2E2003BC78D /* quiz10.swift */,
				5FCA2FA022BF542100D1D162 /* endQuiz1.swift */,
				5FCA2FA422BF545000D1D162 /* endQuiz3.swift */,
				5FCA2FA622BF546300D1D162 /* endQuiz4.swift */,
			);
			path = quizScripts;
			sourceTree = "<group>";
		};
/* End PBXGroup section */

/* Begin PBXNativeTarget section */
		5F3AD8D822AAC72E00796BD9 /* Puja Locator */ = {
			isa = PBXNativeTarget;
			buildConfigurationList = 5F3AD90122AAC73D00796BD9 /* Build configuration list for PBXNativeTarget "Puja Locator" */;
			buildPhases = (
				5F3AD8D522AAC72E00796BD9 /* Sources */,
				5F3AD8D622AAC72E00796BD9 /* Frameworks */,
				5F3AD8D722AAC72E00796BD9 /* Resources */,
			);
			buildRules = (
			);
			dependencies = (
			);
			name = "Puja Locator";
			productName = "Puja Locator";
			productReference = 5F3AD8D922AAC72E00796BD9 /* Puja Locator.app */;
			productType = "com.apple.product-type.application";
		};
		5F3AD8EC22AAC73D00796BD9 /* Puja LocatorTests */ = {
			isa = PBXNativeTarget;
			buildConfigurationList = 5F3AD90422AAC73D00796BD9 /* Build configuration list for PBXNativeTarget "Puja LocatorTests" */;
			buildPhases = (
				5F3AD8E922AAC73D00796BD9 /* Sources */,
				5F3AD8EA22AAC73D00796BD9 /* Frameworks */,
				5F3AD8EB22AAC73D00796BD9 /* Resources */,
			);
			buildRules = (
			);
			dependencies = (
				5F3AD8EF22AAC73D00796BD9 /* PBXTargetDependency */,
			);
			name = "Puja LocatorTests";
			productName = "Puja LocatorTests";
			productReference = 5F3AD8ED22AAC73D00796BD9 /* Puja LocatorTests.xctest */;
			productType = "com.apple.product-type.bundle.unit-test";
		};
		5F3AD8F722AAC73D00796BD9 /* Puja LocatorUITests */ = {
			isa = PBXNativeTarget;
			buildConfigurationList = 5F3AD90722AAC73D00796BD9 /* Build configuration list for PBXNativeTarget "Puja LocatorUITests" */;
			buildPhases = (
				5F3AD8F422AAC73D00796BD9 /* Sources */,
				5F3AD8F522AAC73D00796BD9 /* Frameworks */,
				5F3AD8F622AAC73D00796BD9 /* Resources */,
			);
			buildRules = (
			);
			dependencies = (
				5F3AD8FA22AAC73D00796BD9 /* PBXTargetDependency */,
			);
			name = "Puja LocatorUITests";
			productName = "Puja LocatorUITests";
			productReference = 5F3AD8F822AAC73D00796BD9 /* Puja LocatorUITests.xctest */;
			productType = "com.apple.product-type.bundle.ui-testing";
		};
/* End PBXNativeTarget section */

/* Begin PBXProject section */
		5F3AD8D122AAC72D00796BD9 /* Project object */ = {
			isa = PBXProject;
			attributes = {
				LastSwiftUpdateCheck = 1010;
				LastUpgradeCheck = 1010;
				ORGANIZATIONNAME = Harmanjyot;
				TargetAttributes = {
					5F3AD8D822AAC72E00796BD9 = {
						CreatedOnToolsVersion = 10.1;
					};
					5F3AD8EC22AAC73D00796BD9 = {
						CreatedOnToolsVersion = 10.1;
						TestTargetID = 5F3AD8D822AAC72E00796BD9;
					};
					5F3AD8F722AAC73D00796BD9 = {
						CreatedOnToolsVersion = 10.1;
						TestTargetID = 5F3AD8D822AAC72E00796BD9;
					};
				};
			};
			buildConfigurationList = 5F3AD8D422AAC72D00796BD9 /* Build configuration list for PBXProject "Puja Locator" */;
			compatibilityVersion = "Xcode 9.3";
			developmentRegion = en;
			hasScannedForEncodings = 0;
			knownRegions = (
				en,
				Base,
				"mr-IN",
				hi,
			);
			mainGroup = 5F3AD8D022AAC72D00796BD9;
			productRefGroup = 5F3AD8DA22AAC72E00796BD9 /* Products */;
			projectDirPath = "";
			projectRoot = "";
			targets = (
				5F3AD8D822AAC72E00796BD9 /* Puja Locator */,
				5F3AD8EC22AAC73D00796BD9 /* Puja LocatorTests */,
				5F3AD8F722AAC73D00796BD9 /* Puja LocatorUITests */,
			);
		};
/* End PBXProject section */

/* Begin PBXResourcesBuildPhase section */
		5F3AD8D722AAC72E00796BD9 /* Resources */ = {
			isa = PBXResourcesBuildPhase;
			buildActionMask = 2147483647;
			files = (
				5F3AD8E722AAC73D00796BD9 /* LaunchScreen.storyboard in Resources */,
				5F9AD06B22AFC25D0046773C /* Localizable.strings in Resources */,
				5F3AD8E422AAC73D00796BD9 /* Assets.xcassets in Resources */,
				5F3AD8E222AAC72E00796BD9 /* Main.storyboard in Resources */,
			);
			runOnlyForDeploymentPostprocessing = 0;
		};
		5F3AD8EB22AAC73D00796BD9 /* Resources */ = {
			isa = PBXResourcesBuildPhase;
			buildActionMask = 2147483647;
			files = (
			);
			runOnlyForDeploymentPostprocessing = 0;
		};
		5F3AD8F622AAC73D00796BD9 /* Resources */ = {
			isa = PBXResourcesBuildPhase;
			buildActionMask = 2147483647;
			files = (
			);
			runOnlyForDeploymentPostprocessing = 0;
		};
/* End PBXResourcesBuildPhase section */

/* Begin PBXSourcesBuildPhase section */
		5F3AD8D522AAC72E00796BD9 /* Sources */ = {
			isa = PBXSourcesBuildPhase;
			buildActionMask = 2147483647;
			files = (
				5F9AD08822AFCF5D0046773C /* MahalaxmiHoma.swift in Sources */,
				5FAFCDB622BEA272003BC78D /* quiz3.swift in Sources */,
				5F9AD07222AFC85A0046773C /* RudraPuja.swift in Sources */,
				5F659AD422ABC68F00EDDEA5 /* FAQs.swift in Sources */,
				5F9AD07622AFCBF80046773C /* DurgaHoma.swift in Sources */,
				5F3AD8DF22AAC72E00796BD9 /* ViewController.swift in Sources */,
				5F9AD0B122B004BF0046773C /* FAQ7.swift in Sources */,
				5F3AD8DD22AAC72E00796BD9 /* AppDelegate.swift in Sources */,
				5FCA2FA122BF542100D1D162 /* endQuiz1.swift in Sources */,
				5F9AD0B322B004D30046773C /* FAQ8.swift in Sources */,
				5FD1F52B22B0FBDE002C6B14 /* quizMainPage.swift in Sources */,
				5F9AD08C22AFD05C0046773C /* NavagrahaHoma.swift in Sources */,
				5F9AD0A722B000A30046773C /* FAQ2.swift in Sources */,
				5F9FB7CE22AD675C0068C155 /* ansFAQs.swift in Sources */,
				5FAFCDBC22BEA2A0003BC78D /* quiz6.swift in Sources */,
				5FAFCDBA22BEA291003BC78D /* quiz5.swift in Sources */,
				5F9AD08022AFCDBD0046773C /* VidyarambhamSanskar.swift in Sources */,
				5FCA2FA522BF545000D1D162 /* endQuiz3.swift in Sources */,
				5FAFCDB422BEA258003BC78D /* quiz2.swift in Sources */,
				5F9AD08222AFCEAE0046773C /* ChandiHoma.swift in Sources */,
				5F9AD0AF22B004A00046773C /* FAQ6.swift in Sources */,
				5FAFCDC222BEA2D2003BC78D /* quiz9.swift in Sources */,
				5F9AD0B922B0050D0046773C /* FAQ11.swift in Sources */,
				5FAFCDC422BEA2E2003BC78D /* quiz10.swift in Sources */,
				5F4216B122AEC64A0089E365 /* Settings.swift in Sources */,
				5F9AD0A922B000B30046773C /* FAQ3.swift in Sources */,
				5F9AD07822AFCC380046773C /* GaneshHoma.swift in Sources */,
				5F9AD09022AFD0DA0046773C /* VaastuShantiHoma.swift in Sources */,
				5F9AD07422AFCBB90046773C /* DakshinamurtiPuja.swift in Sources */,
				5FCA2FA722BF546300D1D162 /* endQuiz4.swift in Sources */,
				5F9AD07E22AFCD7F0046773C /* DhanvantariHoma.swift in Sources */,
				5F9AD0B522B004EA0046773C /* FAQ9.swift in Sources */,
				5FAFCDB222BEA234003BC78D /* quiz1.swift in Sources */,
				5FF8329922ACBF3B000894E7 /* ChantingPage.swift in Sources */,
				5F9AD07C22AFCD020046773C /* Upanayan.swift in Sources */,
				5F9AD0AB22B000C10046773C /* FAQ4.swift in Sources */,
				5F9B1C6322ABC3DE00581148 /* Main Page.swift in Sources */,
				5F9AD07A22AFCCC90046773C /* NavchandiHoma.swift in Sources */,
				5FAFCDB822BEA281003BC78D /* quiz4.swift in Sources */,
				5F9AD08422AFCEEA0046773C /* MahaGanapati.swift in Sources */,
				5F9AD08E22AFD0970046773C /* SudharshanHoma.swift in Sources */,
				5FCA2FA322BF543400D1D162 /* endQuiz2.swift in Sources */,
				5FAFCDBE22BEA2B2003BC78D /* quiz7.swift in Sources */,
				5FAFCDC022BEA2C4003BC78D /* quiz8.swift in Sources */,
				5F9AD08622AFCF210046773C /* KalashSthapana.swift in Sources */,
				5F9AD0AD22B000D70046773C /* FAQ5.swift in Sources */,
				5F9AD08A22AFD0220046773C /* MahaRudraPuja.swift in Sources */,
				5F9AD0B722B004FB0046773C /* FAQ10.swift in Sources */,
			);
			runOnlyForDeploymentPostprocessing = 0;
		};
		5F3AD8E922AAC73D00796BD9 /* Sources */ = {
			isa = PBXSourcesBuildPhase;
			buildActionMask = 2147483647;
			files = (
				5F3AD8F222AAC73D00796BD9 /* Puja_LocatorTests.swift in Sources */,
			);
			runOnlyForDeploymentPostprocessing = 0;
		};
		5F3AD8F422AAC73D00796BD9 /* Sources */ = {
			isa = PBXSourcesBuildPhase;
			buildActionMask = 2147483647;
			files = (
				5F3AD8FD22AAC73D00796BD9 /* Puja_LocatorUITests.swift in Sources */,
			);
			runOnlyForDeploymentPostprocessing = 0;
		};
/* End PBXSourcesBuildPhase section */

/* Begin PBXTargetDependency section */
		5F3AD8EF22AAC73D00796BD9 /* PBXTargetDependency */ = {
			isa = PBXTargetDependency;
			target = 5F3AD8D822AAC72E00796BD9 /* Puja Locator */;
			targetProxy = 5F3AD8EE22AAC73D00796BD9 /* PBXContainerItemProxy */;
		};
		5F3AD8FA22AAC73D00796BD9 /* PBXTargetDependency */ = {
			isa = PBXTargetDependency;
			target = 5F3AD8D822AAC72E00796BD9 /* Puja Locator */;
			targetProxy = 5F3AD8F922AAC73D00796BD9 /* PBXContainerItemProxy */;
		};
/* End PBXTargetDependency section */

/* Begin PBXVariantGroup section */
		5F3AD8E022AAC72E00796BD9 /* Main.storyboard */ = {
			isa = PBXVariantGroup;
			children = (
				5F3AD8E122AAC72E00796BD9 /* Base */,
				5FCA2FA922BFBEFE00D1D162 /* en */,
				5FCA2FAB22BFBF4300D1D162 /* mr-IN */,
				5FCA2FAD22BFBF7700D1D162 /* hi */,
			);
			name = Main.storyboard;
			sourceTree = "<group>";
		};
		5F3AD8E522AAC73D00796BD9 /* LaunchScreen.storyboard */ = {
			isa = PBXVariantGroup;
			children = (
				5F3AD8E622AAC73D00796BD9 /* Base */,
				5F9FB7C822AD5BBC0068C155 /* hi */,
				5F9FB7CA22AD5C330068C155 /* mr-IN */,
				5F427D1C22AF8224008B222F /* en */,
			);
			name = LaunchScreen.storyboard;
			sourceTree = "<group>";
		};
		5F9AD06D22AFC25D0046773C /* Localizable.strings */ = {
			isa = PBXVariantGroup;
			children = (
				5F9AD06C22AFC25D0046773C /* en */,
				5F9AD06E22AFC25F0046773C /* mr-IN */,
				5F9AD06F22AFC2660046773C /* hi */,
			);
			name = Localizable.strings;
			sourceTree = "<group>";
		};
/* End PBXVariantGroup section */

/* Begin XCBuildConfiguration section */
		5F3AD8FF22AAC73D00796BD9 /* Debug */ = {
			isa = XCBuildConfiguration;
			buildSettings = {
				ALWAYS_SEARCH_USER_PATHS = NO;
				CLANG_ANALYZER_LOCALIZABILITY_NONLOCALIZED = YES;
				CLANG_ANALYZER_NONNULL = YES;
				CLANG_ANALYZER_NUMBER_OBJECT_CONVERSION = YES_AGGRESSIVE;
				CLANG_CXX_LANGUAGE_STANDARD = "gnu++14";
				CLANG_CXX_LIBRARY = "libc++";
				CLANG_ENABLE_MODULES = YES;
				CLANG_ENABLE_OBJC_ARC = YES;
				CLANG_ENABLE_OBJC_WEAK = YES;
				CLANG_WARN_BLOCK_CAPTURE_AUTORELEASING = YES;
				CLANG_WARN_BOOL_CONVERSION = YES;
				CLANG_WARN_COMMA = YES;
				CLANG_WARN_CONSTANT_CONVERSION = YES;
				CLANG_WARN_DEPRECATED_OBJC_IMPLEMENTATIONS = YES;
				CLANG_WARN_DIRECT_OBJC_ISA_USAGE = YES_ERROR;
				CLANG_WARN_DOCUMENTATION_COMMENTS = YES;
				CLANG_WARN_EMPTY_BODY = YES;
				CLANG_WARN_ENUM_CONVERSION = YES;
				CLANG_WARN_INFINITE_RECURSION = YES;
				CLANG_WARN_INT_CONVERSION = YES;
				CLANG_WARN_NON_LITERAL_NULL_CONVERSION = YES;
				CLANG_WARN_OBJC_IMPLICIT_RETAIN_SELF = YES;
				CLANG_WARN_OBJC_LITERAL_CONVERSION = YES;
				CLANG_WARN_OBJC_ROOT_CLASS = YES_ERROR;
				CLANG_WARN_RANGE_LOOP_ANALYSIS = YES;
				CLANG_WARN_STRICT_PROTOTYPES = YES;
				CLANG_WARN_SUSPICIOUS_MOVE = YES;
				CLANG_WARN_UNGUARDED_AVAILABILITY = YES_AGGRESSIVE;
				CLANG_WARN_UNREACHABLE_CODE = YES;
				CLANG_WARN__DUPLICATE_METHOD_MATCH = YES;
				CODE_SIGN_IDENTITY = "iPhone Developer";
				COPY_PHASE_STRIP = NO;
				DEBUG_INFORMATION_FORMAT = dwarf;
				ENABLE_STRICT_OBJC_MSGSEND = YES;
				ENABLE_TESTABILITY = YES;
				GCC_C_LANGUAGE_STANDARD = gnu11;
				GCC_DYNAMIC_NO_PIC = NO;
				GCC_NO_COMMON_BLOCKS = YES;
				GCC_OPTIMIZATION_LEVEL = 0;
				GCC_PREPROCESSOR_DEFINITIONS = (
					"DEBUG=1",
					"$(inherited)",
				);
				GCC_WARN_64_TO_32_BIT_CONVERSION = YES;
				GCC_WARN_ABOUT_RETURN_TYPE = YES_ERROR;
				GCC_WARN_UNDECLARED_SELECTOR = YES;
				GCC_WARN_UNINITIALIZED_AUTOS = YES_AGGRESSIVE;
				GCC_WARN_UNUSED_FUNCTION = YES;
				GCC_WARN_UNUSED_VARIABLE = YES;
				IPHONEOS_DEPLOYMENT_TARGET = 12.1;
				MTL_ENABLE_DEBUG_INFO = INCLUDE_SOURCE;
				MTL_FAST_MATH = YES;
				ONLY_ACTIVE_ARCH = YES;
				SDKROOT = iphoneos;
				SWIFT_ACTIVE_COMPILATION_CONDITIONS = DEBUG;
				SWIFT_OPTIMIZATION_LEVEL = "-Onone";
			};
			name = Debug;
		};
		5F3AD90022AAC73D00796BD9 /* Release */ = {
			isa = XCBuildConfiguration;
			buildSettings = {
				ALWAYS_SEARCH_USER_PATHS = NO;
				CLANG_ANALYZER_LOCALIZABILITY_NONLOCALIZED = YES;
				CLANG_ANALYZER_NONNULL = YES;
				CLANG_ANALYZER_NUMBER_OBJECT_CONVERSION = YES_AGGRESSIVE;
				CLANG_CXX_LANGUAGE_STANDARD = "gnu++14";
				CLANG_CXX_LIBRARY = "libc++";
				CLANG_ENABLE_MODULES = YES;
				CLANG_ENABLE_OBJC_ARC = YES;
				CLANG_ENABLE_OBJC_WEAK = YES;
				CLANG_WARN_BLOCK_CAPTURE_AUTORELEASING = YES;
				CLANG_WARN_BOOL_CONVERSION = YES;
				CLANG_WARN_COMMA = YES;
				CLANG_WARN_CONSTANT_CONVERSION = YES;
				CLANG_WARN_DEPRECATED_OBJC_IMPLEMENTATIONS = YES;
				CLANG_WARN_DIRECT_OBJC_ISA_USAGE = YES_ERROR;
				CLANG_WARN_DOCUMENTATION_COMMENTS = YES;
				CLANG_WARN_EMPTY_BODY = YES;
				CLANG_WARN_ENUM_CONVERSION = YES;
				CLANG_WARN_INFINITE_RECURSION = YES;
				CLANG_WARN_INT_CONVERSION = YES;
				CLANG_WARN_NON_LITERAL_NULL_CONVERSION = YES;
				CLANG_WARN_OBJC_IMPLICIT_RETAIN_SELF = YES;
				CLANG_WARN_OBJC_LITERAL_CONVERSION = YES;
				CLANG_WARN_OBJC_ROOT_CLASS = YES_ERROR;
				CLANG_WARN_RANGE_LOOP_ANALYSIS = YES;
				CLANG_WARN_STRICT_PROTOTYPES = YES;
				CLANG_WARN_SUSPICIOUS_MOVE = YES;
				CLANG_WARN_UNGUARDED_AVAILABILITY = YES_AGGRESSIVE;
				CLANG_WARN_UNREACHABLE_CODE = YES;
				CLANG_WARN__DUPLICATE_METHOD_MATCH = YES;
				CODE_SIGN_IDENTITY = "iPhone Developer";
				COPY_PHASE_STRIP = NO;
				DEBUG_INFORMATION_FORMAT = "dwarf-with-dsym";
				ENABLE_NS_ASSERTIONS = NO;
				ENABLE_STRICT_OBJC_MSGSEND = YES;
				GCC_C_LANGUAGE_STANDARD = gnu11;
				GCC_NO_COMMON_BLOCKS = YES;
				GCC_WARN_64_TO_32_BIT_CONVERSION = YES;
				GCC_WARN_ABOUT_RETURN_TYPE = YES_ERROR;
				GCC_WARN_UNDECLARED_SELECTOR = YES;
				GCC_WARN_UNINITIALIZED_AUTOS = YES_AGGRESSIVE;
				GCC_WARN_UNUSED_FUNCTION = YES;
				GCC_WARN_UNUSED_VARIABLE = YES;
				IPHONEOS_DEPLOYMENT_TARGET = 12.1;
				MTL_ENABLE_DEBUG_INFO = NO;
				MTL_FAST_MATH = YES;
				SDKROOT = iphoneos;
				SWIFT_COMPILATION_MODE = wholemodule;
				SWIFT_OPTIMIZATION_LEVEL = "-O";
				VALIDATE_PRODUCT = YES;
			};
			name = Release;
		};
		5F3AD90222AAC73D00796BD9 /* Debug */ = {
			isa = XCBuildConfiguration;
			buildSettings = {
				ASSETCATALOG_COMPILER_APPICON_NAME = AppIcon;
				CODE_SIGN_STYLE = Automatic;
				DEVELOPMENT_TEAM = C824B8MZJH;
				INFOPLIST_FILE = "Puja Locator/Info.plist";
				LD_RUNPATH_SEARCH_PATHS = (
					"$(inherited)",
					"@executable_path/Frameworks",
				);
				PRODUCT_BUNDLE_IDENTIFIER = "com.Harmanjyot.Puja-Locator.Puja-Locator";
				PRODUCT_NAME = "$(TARGET_NAME)";
				SWIFT_VERSION = 4.2;
				TARGETED_DEVICE_FAMILY = "1,2";
			};
			name = Debug;
		};
		5F3AD90322AAC73D00796BD9 /* Release */ = {
			isa = XCBuildConfiguration;
			buildSettings = {
				ASSETCATALOG_COMPILER_APPICON_NAME = AppIcon;
				CODE_SIGN_STYLE = Automatic;
				DEVELOPMENT_TEAM = C824B8MZJH;
				INFOPLIST_FILE = "Puja Locator/Info.plist";
				LD_RUNPATH_SEARCH_PATHS = (
					"$(inherited)",
					"@executable_path/Frameworks",
				);
				PRODUCT_BUNDLE_IDENTIFIER = "com.Harmanjyot.Puja-Locator.Puja-Locator";
				PRODUCT_NAME = "$(TARGET_NAME)";
				SWIFT_VERSION = 4.2;
				TARGETED_DEVICE_FAMILY = "1,2";
			};
			name = Release;
		};
		5F3AD90522AAC73D00796BD9 /* Debug */ = {
			isa = XCBuildConfiguration;
			buildSettings = {
				ALWAYS_EMBED_SWIFT_STANDARD_LIBRARIES = YES;
				BUNDLE_LOADER = "$(TEST_HOST)";
				CODE_SIGN_STYLE = Automatic;
				INFOPLIST_FILE = "Puja LocatorTests/Info.plist";
				LD_RUNPATH_SEARCH_PATHS = (
					"$(inherited)",
					"@executable_path/Frameworks",
					"@loader_path/Frameworks",
				);
				PRODUCT_BUNDLE_IDENTIFIER = "com.Harmanjyot.Puja-Locator.Puja-LocatorTests";
				PRODUCT_NAME = "$(TARGET_NAME)";
				SWIFT_VERSION = 4.2;
				TARGETED_DEVICE_FAMILY = "1,2";
				TEST_HOST = "$(BUILT_PRODUCTS_DIR)/Puja Locator.app/Puja Locator";
			};
			name = Debug;
		};
		5F3AD90622AAC73D00796BD9 /* Release */ = {
			isa = XCBuildConfiguration;
			buildSettings = {
				ALWAYS_EMBED_SWIFT_STANDARD_LIBRARIES = YES;
				BUNDLE_LOADER = "$(TEST_HOST)";
				CODE_SIGN_STYLE = Automatic;
				INFOPLIST_FILE = "Puja LocatorTests/Info.plist";
				LD_RUNPATH_SEARCH_PATHS = (
					"$(inherited)",
					"@executable_path/Frameworks",
					"@loader_path/Frameworks",
				);
				PRODUCT_BUNDLE_IDENTIFIER = "com.Harmanjyot.Puja-Locator.Puja-LocatorTests";
				PRODUCT_NAME = "$(TARGET_NAME)";
				SWIFT_VERSION = 4.2;
				TARGETED_DEVICE_FAMILY = "1,2";
				TEST_HOST = "$(BUILT_PRODUCTS_DIR)/Puja Locator.app/Puja Locator";
			};
			name = Release;
		};
		5F3AD90822AAC73D00796BD9 /* Debug */ = {
			isa = XCBuildConfiguration;
			buildSettings = {
				ALWAYS_EMBED_SWIFT_STANDARD_LIBRARIES = YES;
				CODE_SIGN_STYLE = Automatic;
				INFOPLIST_FILE = "Puja LocatorUITests/Info.plist";
				LD_RUNPATH_SEARCH_PATHS = (
					"$(inherited)",
					"@executable_path/Frameworks",
					"@loader_path/Frameworks",
				);
				PRODUCT_BUNDLE_IDENTIFIER = "com.Harmanjyot.Puja-Locator.Puja-LocatorUITests";
				PRODUCT_NAME = "$(TARGET_NAME)";
				SWIFT_VERSION = 4.2;
				TARGETED_DEVICE_FAMILY = "1,2";
				TEST_TARGET_NAME = "Puja Locator";
			};
			name = Debug;
		};
		5F3AD90922AAC73D00796BD9 /* Release */ = {
			isa = XCBuildConfiguration;
			buildSettings = {
				ALWAYS_EMBED_SWIFT_STANDARD_LIBRARIES = YES;
				CODE_SIGN_STYLE = Automatic;
				INFOPLIST_FILE = "Puja LocatorUITests/Info.plist";
				LD_RUNPATH_SEARCH_PATHS = (
					"$(inherited)",
					"@executable_path/Frameworks",
					"@loader_path/Frameworks",
				);
				PRODUCT_BUNDLE_IDENTIFIER = "com.Harmanjyot.Puja-Locator.Puja-LocatorUITests";
				PRODUCT_NAME = "$(TARGET_NAME)";
				SWIFT_VERSION = 4.2;
				TARGETED_DEVICE_FAMILY = "1,2";
				TEST_TARGET_NAME = "Puja Locator";
			};
			name = Release;
		};
/* End XCBuildConfiguration section */

/* Begin XCConfigurationList section */
		5F3AD8D422AAC72D00796BD9 /* Build configuration list for PBXProject "Puja Locator" */ = {
			isa = XCConfigurationList;
			buildConfigurations = (
				5F3AD8FF22AAC73D00796BD9 /* Debug */,
				5F3AD90022AAC73D00796BD9 /* Release */,
			);
			defaultConfigurationIsVisible = 0;
			defaultConfigurationName = Release;
		};
		5F3AD90122AAC73D00796BD9 /* Build configuration list for PBXNativeTarget "Puja Locator" */ = {
			isa = XCConfigurationList;
			buildConfigurations = (
				5F3AD90222AAC73D00796BD9 /* Debug */,
				5F3AD90322AAC73D00796BD9 /* Release */,
			);
			defaultConfigurationIsVisible = 0;
			defaultConfigurationName = Release;
		};
		5F3AD90422AAC73D00796BD9 /* Build configuration list for PBXNativeTarget "Puja LocatorTests" */ = {
			isa = XCConfigurationList;
			buildConfigurations = (
				5F3AD90522AAC73D00796BD9 /* Debug */,
				5F3AD90622AAC73D00796BD9 /* Release */,
			);
			defaultConfigurationIsVisible = 0;
			defaultConfigurationName = Release;
		};
		5F3AD90722AAC73D00796BD9 /* Build configuration list for PBXNativeTarget "Puja LocatorUITests" */ = {
			isa = XCConfigurationList;
			buildConfigurations = (
				5F3AD90822AAC73D00796BD9 /* Debug */,
				5F3AD90922AAC73D00796BD9 /* Release */,
			);
			defaultConfigurationIsVisible = 0;
			defaultConfigurationName = Release;
		};
/* End XCConfigurationList section */
	};
	rootObject = 5F3AD8D122AAC72D00796BD9 /* Project object */;
}
